
Microsoft Visual Studio Solution File, Format Version 12.00
# Visual Studio Version 17
VisualStudioVersion = 17.5.33424.131
MinimumVisualStudioVersion = 10.0.40219.1
Project("{2150E333-8FDC-42A3-9474-1A3956D46DE8}") = "Frontend", "Frontend", "{D7499D62-855A-4BB5-8D02-3D0F357140E2}"
EndProject
Project("{2150E333-8FDC-42A3-9474-1A3956D46DE8}") = "Gateway", "Gateway", "{CB8C4030-E7C4-40AB-BC29-8EEC11781E4D}"
EndProject
Project("{2150E333-8FDC-42A3-9474-1A3956D46DE8}") = "Integration", "Integration", "{38BF46B3-19D1-42D1-AB58-8E29C8465F78}"
EndProject
Project("{2150E333-8FDC-42A3-9474-1A3956D46DE8}") = "Services", "Services", "{C90971B7-70C4-43C0-A88D-FF1E4A8B6480}"
EndProject
Project("{9A19103F-16F7-4668-BE54-9A1E7A4F7556}") = "Ecom.Services.CouponApi", "Ecom.Services.CouponApi\Ecom.Services.CouponApi.csproj", "{85A735F7-A5F6-499E-BC9A-5AA4E1E25510}"
EndProject
Project("{9A19103F-16F7-4668-BE54-9A1E7A4F7556}") = "Ecom.Web", "Ecom.Web\Ecom.Web.csproj", "{787A7592-AAC0-4035-94B6-E364B9B38E54}"
EndProject
Project("{9A19103F-16F7-4668-BE54-9A1E7A4F7556}") = "Ecom.Services.AuthApi", "Ecom.Services.AuthApi\Ecom.Services.AuthApi.csproj", "{BF481848-ABE1-465A-B1EE-2BC637102A55}"
EndProject
Project("{9A19103F-16F7-4668-BE54-9A1E7A4F7556}") = "Ecom.Services.ProductApi", "Ecom.Services.ProductApi\Ecom.Services.ProductApi.csproj", "{E52AB3AF-901C-4D4C-B059-FCBE1CE4FBFE}"
EndProject
Project("{9A19103F-16F7-4668-BE54-9A1E7A4F7556}") = "Ecom.Services.ShoppingCartApi", "Ecom.Services.ShoppingCartApi\Ecom.Services.ShoppingCartApi.csproj", "{A2E268B0-7C25-4381-B825-152FD7B182A9}"
EndProject
Project("{FAE04EC0-301F-11D3-BF4B-00C04F79EFBC}") = "Ecpm.MessageBus", "Ecpm.MessageBus\Ecpm.MessageBus.csproj", "{CE310FBB-8D87-41F3-BC6A-5D4B0BFE828E}"
EndProject
Global
	GlobalSection(SolutionConfigurationPlatforms) = preSolution
		Debug|Any CPU = Debug|Any CPU
		Release|Any CPU = Release|Any CPU
	EndGlobalSection
	GlobalSection(ProjectConfigurationPlatforms) = postSolution
		{85A735F7-A5F6-499E-BC9A-5AA4E1E25510}.Debug|Any CPU.ActiveCfg = Debug|Any CPU
		{85A735F7-A5F6-499E-BC9A-5AA4E1E25510}.Debug|Any CPU.Build.0 = Debug|Any CPU
		{85A735F7-A5F6-499E-BC9A-5AA4E1E25510}.Release|Any CPU.ActiveCfg = Release|Any CPU
		{85A735F7-A5F6-499E-BC9A-5AA4E1E25510}.Release|Any CPU.Build.0 = Release|Any CPU
		{787A7592-AAC0-4035-94B6-E364B9B38E54}.Debug|Any CPU.ActiveCfg = Debug|Any CPU
		{787A7592-AAC0-4035-94B6-E364B9B38E54}.Debug|Any CPU.Build.0 = Debug|Any CPU
		{787A7592-AAC0-4035-94B6-E364B9B38E54}.Release|Any CPU.ActiveCfg = Release|Any CPU
		{787A7592-AAC0-4035-94B6-E364B9B38E54}.Release|Any CPU.Build.0 = Release|Any CPU
		{BF481848-ABE1-465A-B1EE-2BC637102A55}.Debug|Any CPU.ActiveCfg = Debug|Any CPU
		{BF481848-ABE1-465A-B1EE-2BC637102A55}.Debug|Any CPU.Build.0 = Debug|Any CPU
		{BF481848-ABE1-465A-B1EE-2BC637102A55}.Release|Any CPU.ActiveCfg = Release|Any CPU
		{BF481848-ABE1-465A-B1EE-2BC637102A55}.Release|Any CPU.Build.0 = Release|Any CPU
		{E52AB3AF-901C-4D4C-B059-FCBE1CE4FBFE}.Debug|Any CPU.ActiveCfg = Debug|Any CPU
		{E52AB3AF-901C-4D4C-B059-FCBE1CE4FBFE}.Debug|Any CPU.Build.0 = Debug|Any CPU
		{E52AB3AF-901C-4D4C-B059-FCBE1CE4FBFE}.Release|Any CPU.ActiveCfg = Release|Any CPU
		{E52AB3AF-901C-4D4C-B059-FCBE1CE4FBFE}.Release|Any CPU.Build.0 = Release|Any CPU
		{A2E268B0-7C25-4381-B825-152FD7B182A9}.Debug|Any CPU.ActiveCfg = Debug|Any CPU
		{A2E268B0-7C25-4381-B825-152FD7B182A9}.Debug|Any CPU.Build.0 = Debug|Any CPU
		{A2E268B0-7C25-4381-B825-152FD7B182A9}.Release|Any CPU.ActiveCfg = Release|Any CPU
		{A2E268B0-7C25-4381-B825-152FD7B182A9}.Release|Any CPU.Build.0 = Release|Any CPU
		{CE310FBB-8D87-41F3-BC6A-5D4B0BFE828E}.Debug|Any CPU.ActiveCfg = Debug|Any CPU
		{CE310FBB-8D87-41F3-BC6A-5D4B0BFE828E}.Debug|Any CPU.Build.0 = Debug|Any CPU
		{CE310FBB-8D87-41F3-BC6A-5D4B0BFE828E}.Release|Any CPU.ActiveCfg = Release|Any CPU
		{CE310FBB-8D87-41F3-BC6A-5D4B0BFE828E}.Release|Any CPU.Build.0 = Release|Any CPU
	EndGlobalSection
	GlobalSection(SolutionProperties) = preSolution
		HideSolutionNode = FALSE
	EndGlobalSection
	GlobalSection(NestedProjects) = preSolution
		{85A735F7-A5F6-499E-BC9A-5AA4E1E25510} = {C90971B7-70C4-43C0-A88D-FF1E4A8B6480}
		{787A7592-AAC0-4035-94B6-E364B9B38E54} = {D7499D62-855A-4BB5-8D02-3D0F357140E2}
		{BF481848-ABE1-465A-B1EE-2BC637102A55} = {C90971B7-70C4-43C0-A88D-FF1E4A8B6480}
		{E52AB3AF-901C-4D4C-B059-FCBE1CE4FBFE} = {C90971B7-70C4-43C0-A88D-FF1E4A8B6480}
		{A2E268B0-7C25-4381-B825-152FD7B182A9} = {C90971B7-70C4-43C0-A88D-FF1E4A8B6480}
		{CE310FBB-8D87-41F3-BC6A-5D4B0BFE828E} = {38BF46B3-19D1-42D1-AB58-8E29C8465F78}
	EndGlobalSection
	GlobalSection(ExtensibilityGlobals) = postSolution
		SolutionGuid = {7F2B6188-2F78-4321-9C08-B30C92374D4F}
	EndGlobalSection
EndGlobal
